{
  "meteor": {},
  "dependencies": {
    "basePackages": {
      "bootstrap-cyborg": {},
      "Bootstrap3-Typeahead": {},
      "font-awesome": {}
    },
    "packages": {
      "bootstrap-cyborg": {
        "git": "https://github.com/and-fri/meteor-bootstrap-cyborg.git",
        "tag": "v0.0.2",
        "commit": "d066ef13555ff79ebf99eac058b9f1dc37442060"
      },
      "Bootstrap3-Typeahead": {
        "git": "https://github.com/JustinSGray/meteor-Bootstrap-3-Typeahead.git",
        "tag": "v3.0.3",
        "commit": "1438ed827fc3ca16c9ae04062c1122002151c7d6"
      },
      "font-awesome": {
        "git": "https://github.com/nate-strauser/meteor-font-awesome.git",
        "tag": "v4.1.0",
        "commit": "ce6b1e92715d1938babc5d69c655c17e387f5926"
      }
    }
  }
}
